PODS:
  - AudioKit (4.6.4):
    - AudioKit/Core (= 4.6.4)
    - AudioKit/UI (= 4.6.4)
  - AudioKit/Core (4.6.4)
  - AudioKit/UI (4.6.4):
    - AudioKit/Core

DEPENDENCIES:
  - AudioKit (~> 4.6.4)

SPEC REPOS:
  https://github.com/cocoapods/specs.git:
    - AudioKit

SPEC CHECKSUMS:
  AudioKit: d8dc46ec1ce897e3b14a3747a13c951ef25bc3cb

PODFILE CHECKSUM: 69958e51a5fc3ff0cf25c1285ae8ae77035f2dcc

COCOAPODS: 1.7.2
